[root]
name = "eve"
version = "0.0.1"
dependencies = [
 "rand 0.2.0 (registry+https://github.com/rust-lang/crates.io-index)",
 "time 0.1.20 (registry+https://github.com/rust-lang/crates.io-index)",
]

[[package]]
name = "gcc"
version = "0.3.1"
source = "registry+https://github.com/rust-lang/crates.io-index"

[[package]]
name = "libc"
version = "0.1.3"
source = "registry+https://github.com/rust-lang/crates.io-index"

[[package]]
name = "log"
version = "0.2.5"
source = "registry+https://github.com/rust-lang/crates.io-index"

[[package]]
name = "rand"
version = "0.2.0"
source = "registry+https://github.com/rust-lang/crates.io-index"
dependencies = [
 "libc 0.1.3 (registry+https://github.com/rust-lang/crates.io-index)",
 "log 0.2.5 (registry+https://github.com/rust-lang/crates.io-index)",
]

[[package]]
name = "time"
version = "0.1.20"
source = "registry+https://github.com/rust-lang/crates.io-index"
dependencies = [
 "gcc 0.3.1 (registry+https://github.com/rust-lang/crates.io-index)",
 "libc 0.1.3 (registry+https://github.com/rust-lang/crates.io-index)",
]

