
Microsoft Visual Studio Solution File, Format Version 12.00
# Visual Studio 14
VisualStudioVersion = 14.0.23107.0
MinimumVisualStudioVersion = 10.0.40219.1
Project("{FAE04EC0-301F-11D3-BF4B-00C04F79EFBC}") = "GridEve", "GridEve\GridEve.csproj", "{0FEE540F-B4A0-4029-99B5-15680D0F349D}"
EndProject
Project("{2150E333-8FDC-42A3-9474-1A3956D46DE8}") = "Solution Items", "Solution Items", "{DE8F64CA-E2A9-4DDE-AA0B-42660B298260}"
EndProject
Global
	GlobalSection(SolutionConfigurationPlatforms) = preSolution
		Debug|ARM = Debug|ARM
		Debug|x64 = Debug|x64
		Debug|x86 = Debug|x86
		Phone|ARM = Phone|ARM
		Phone|x64 = Phone|x64
		Phone|x86 = Phone|x86
		Release|ARM = Release|ARM
		Release|x64 = Release|x64
		Release|x86 = Release|x86
	EndGlobalSection
	GlobalSection(ProjectConfigurationPlatforms) = postSolution
		{0FEE540F-B4A0-4029-99B5-15680D0F349D}.Debug|ARM.ActiveCfg = Debug|ARM
		{0FEE540F-B4A0-4029-99B5-15680D0F349D}.Debug|ARM.Build.0 = Debug|ARM
		{0FEE540F-B4A0-4029-99B5-15680D0F349D}.Debug|ARM.Deploy.0 = Debug|ARM
		{0FEE540F-B4A0-4029-99B5-15680D0F349D}.Debug|x64.ActiveCfg = Debug|x64
		{0FEE540F-B4A0-4029-99B5-15680D0F349D}.Debug|x64.Build.0 = Debug|x64
		{0FEE540F-B4A0-4029-99B5-15680D0F349D}.Debug|x64.Deploy.0 = Debug|x64
		{0FEE540F-B4A0-4029-99B5-15680D0F349D}.Debug|x86.ActiveCfg = Debug|x86
		{0FEE540F-B4A0-4029-99B5-15680D0F349D}.Debug|x86.Build.0 = Debug|x86
		{0FEE540F-B4A0-4029-99B5-15680D0F349D}.Debug|x86.Deploy.0 = Debug|x86
		{0FEE540F-B4A0-4029-99B5-15680D0F349D}.Phone|ARM.ActiveCfg = Phone|ARM
		{0FEE540F-B4A0-4029-99B5-15680D0F349D}.Phone|ARM.Build.0 = Phone|ARM
		{0FEE540F-B4A0-4029-99B5-15680D0F349D}.Phone|ARM.Deploy.0 = Phone|ARM
		{0FEE540F-B4A0-4029-99B5-15680D0F349D}.Phone|x64.ActiveCfg = Phone|ARM
		{0FEE540F-B4A0-4029-99B5-15680D0F349D}.Phone|x64.Build.0 = Phone|ARM
		{0FEE540F-B4A0-4029-99B5-15680D0F349D}.Phone|x86.ActiveCfg = Phone|x86
		{0FEE540F-B4A0-4029-99B5-15680D0F349D}.Phone|x86.Build.0 = Phone|x86
		{0FEE540F-B4A0-4029-99B5-15680D0F349D}.Phone|x86.Deploy.0 = Phone|x86
		{0FEE540F-B4A0-4029-99B5-15680D0F349D}.Release|ARM.ActiveCfg = Release|ARM
		{0FEE540F-B4A0-4029-99B5-15680D0F349D}.Release|ARM.Build.0 = Release|ARM
		{0FEE540F-B4A0-4029-99B5-15680D0F349D}.Release|ARM.Deploy.0 = Release|ARM
		{0FEE540F-B4A0-4029-99B5-15680D0F349D}.Release|x64.ActiveCfg = Release|x64
		{0FEE540F-B4A0-4029-99B5-15680D0F349D}.Release|x64.Build.0 = Release|x64
		{0FEE540F-B4A0-4029-99B5-15680D0F349D}.Release|x64.Deploy.0 = Release|x64
		{0FEE540F-B4A0-4029-99B5-15680D0F349D}.Release|x86.ActiveCfg = Release|x86
		{0FEE540F-B4A0-4029-99B5-15680D0F349D}.Release|x86.Build.0 = Release|x86
		{0FEE540F-B4A0-4029-99B5-15680D0F349D}.Release|x86.Deploy.0 = Release|x86
	EndGlobalSection
	GlobalSection(SolutionProperties) = preSolution
		HideSolutionNode = FALSE
	EndGlobalSection
EndGlobal
